
Microsoft Visual Studio Solution File, Format Version 12.00
# Visual Studio 15
VisualStudioVersion = 15.0.27004.2010
MinimumVisualStudioVersion = 10.0.40219.1
Project("{FAE04EC0-301F-11D3-BF4B-00C04F79EFBC}") = "Geta.EmailNotification", "src\Geta.EmailNotification\Geta.EmailNotification.csproj", "{19827C7C-F419-4157-9C62-BE47E4E36CF3}"
EndProject
Project("{FAE04EC0-301F-11D3-BF4B-00C04F79EFBC}") = "Geta.EmailNotification.Postmark", "src\Geta.EmailNotification.Postmark\Geta.EmailNotification.Postmark.csproj", "{0C99B424-2795-4A5D-B3F9-573DCAE7BDCE}"
EndProject
Project("{FAE04EC0-301F-11D3-BF4B-00C04F79EFBC}") = "Geta.EmailNotification.Amazon", "src\Geta.EmailNotification.Amazon\Geta.EmailNotification.Amazon.csproj", "{2F66F7B4-127D-49B3-94CB-A24EA16C258F}"
EndProject
Project("{FAE04EC0-301F-11D3-BF4B-00C04F79EFBC}") = "Geta.EmailNotification.Tests", "test\Geta.EmailNotification.Tests\Geta.EmailNotification.Tests.csproj", "{D2F92C70-D9BE-42F3-A6B9-1F9D3D533459}"
EndProject
Project("{FAE04EC0-301F-11D3-BF4B-00C04F79EFBC}") = "Geta.EmailNotification.MailGun", "src\Geta.EmailNotification.MailGun\Geta.EmailNotification.MailGun.csproj", "{8B9CE15C-EDF7-4E06-977D-732C651913C6}"
EndProject
Project("{FAE04EC0-301F-11D3-BF4B-00C04F79EFBC}") = "Geta.EmailNotification.SendGrid", "src\Geta.EmailNotification.SendGrid\Geta.EmailNotification.SendGrid.csproj", "{EA4D5EFA-E6B1-4FD2-A28E-A4724BDACB2C}"
EndProject
Global
	GlobalSection(SolutionConfigurationPlatforms) = preSolution
		Debug|Any CPU = Debug|Any CPU
		Release|Any CPU = Release|Any CPU
	EndGlobalSection
	GlobalSection(ProjectConfigurationPlatforms) = postSolution
		{19827C7C-F419-4157-9C62-BE47E4E36CF3}.Debug|Any CPU.ActiveCfg = Debug|Any CPU
		{19827C7C-F419-4157-9C62-BE47E4E36CF3}.Debug|Any CPU.Build.0 = Debug|Any CPU
		{19827C7C-F419-4157-9C62-BE47E4E36CF3}.Release|Any CPU.ActiveCfg = Release|Any CPU
		{19827C7C-F419-4157-9C62-BE47E4E36CF3}.Release|Any CPU.Build.0 = Release|Any CPU
		{0C99B424-2795-4A5D-B3F9-573DCAE7BDCE}.Debug|Any CPU.ActiveCfg = Debug|Any CPU
		{0C99B424-2795-4A5D-B3F9-573DCAE7BDCE}.Debug|Any CPU.Build.0 = Debug|Any CPU
		{0C99B424-2795-4A5D-B3F9-573DCAE7BDCE}.Release|Any CPU.ActiveCfg = Release|Any CPU
		{0C99B424-2795-4A5D-B3F9-573DCAE7BDCE}.Release|Any CPU.Build.0 = Release|Any CPU
		{2F66F7B4-127D-49B3-94CB-A24EA16C258F}.Debug|Any CPU.ActiveCfg = Debug|Any CPU
		{2F66F7B4-127D-49B3-94CB-A24EA16C258F}.Debug|Any CPU.Build.0 = Debug|Any CPU
		{2F66F7B4-127D-49B3-94CB-A24EA16C258F}.Release|Any CPU.ActiveCfg = Release|Any CPU
		{2F66F7B4-127D-49B3-94CB-A24EA16C258F}.Release|Any CPU.Build.0 = Release|Any CPU
		{D2F92C70-D9BE-42F3-A6B9-1F9D3D533459}.Debug|Any CPU.ActiveCfg = Debug|Any CPU
		{D2F92C70-D9BE-42F3-A6B9-1F9D3D533459}.Debug|Any CPU.Build.0 = Debug|Any CPU
		{D2F92C70-D9BE-42F3-A6B9-1F9D3D533459}.Release|Any CPU.ActiveCfg = Release|Any CPU
		{D2F92C70-D9BE-42F3-A6B9-1F9D3D533459}.Release|Any CPU.Build.0 = Release|Any CPU
		{8B9CE15C-EDF7-4E06-977D-732C651913C6}.Debug|Any CPU.ActiveCfg = Debug|Any CPU
		{8B9CE15C-EDF7-4E06-977D-732C651913C6}.Debug|Any CPU.Build.0 = Debug|Any CPU
		{8B9CE15C-EDF7-4E06-977D-732C651913C6}.Release|Any CPU.ActiveCfg = Release|Any CPU
		{8B9CE15C-EDF7-4E06-977D-732C651913C6}.Release|Any CPU.Build.0 = Release|Any CPU
		{EA4D5EFA-E6B1-4FD2-A28E-A4724BDACB2C}.Debug|Any CPU.ActiveCfg = Debug|Any CPU
		{EA4D5EFA-E6B1-4FD2-A28E-A4724BDACB2C}.Debug|Any CPU.Build.0 = Debug|Any CPU
		{EA4D5EFA-E6B1-4FD2-A28E-A4724BDACB2C}.Release|Any CPU.ActiveCfg = Release|Any CPU
		{EA4D5EFA-E6B1-4FD2-A28E-A4724BDACB2C}.Release|Any CPU.Build.0 = Release|Any CPU
	EndGlobalSection
	GlobalSection(SolutionProperties) = preSolution
		HideSolutionNode = FALSE
	EndGlobalSection
	GlobalSection(ExtensibilityGlobals) = postSolution
		SolutionGuid = {69BA38B4-9347-4CDC-8106-70A38B267C1C}
	EndGlobalSection
EndGlobal
